// !$*UTF8*$!
{
	archiveVersion = 1;
	classes = {
	};
	objectVersion = 56;
	objects = {

/* Begin PBXBuildFile section */
		60D1B6602BD2E88100EC2C55 /* AppDelegate.swift in Sources */ = {isa = PBXBuildFile; fileRef = 60D1B65F2BD2E88100EC2C55 /* AppDelegate.swift */; };
		60D1B6622BD2E88100EC2C55 /* SceneDelegate.swift in Sources */ = {isa = PBXBuildFile; fileRef = 60D1B6612BD2E88100EC2C55 /* SceneDelegate.swift */; };
		60D1B6692BD2E88200EC2C55 /* Assets.xcassets in Resources */ = {isa = PBXBuildFile; fileRef = 60D1B6682BD2E88200EC2C55 /* Assets.xcassets */; };
		60D1B66C2BD2E88200EC2C55 /* LaunchScreen.storyboard in Resources */ = {isa = PBXBuildFile; fileRef = 60D1B66A2BD2E88200EC2C55 /* LaunchScreen.storyboard */; };
		60D1B6762BD2EB2600EC2C55 /* HomeViewController.swift in Sources */ = {isa = PBXBuildFile; fileRef = 60D1B6752BD2EB2600EC2C55 /* HomeViewController.swift */; };
		60D1B6782BD2EC0E00EC2C55 /* HomePresenter.swift in Sources */ = {isa = PBXBuildFile; fileRef = 60D1B6772BD2EC0E00EC2C55 /* HomePresenter.swift */; };
		60D1B67B2BD2EF8600EC2C55 /* Cart.swift in Sources */ = {isa = PBXBuildFile; fileRef = 60D1B67A2BD2EF8600EC2C55 /* Cart.swift */; };
		60D1B67D2BD2F1BA00EC2C55 /* HomeNetworkManager.swift in Sources */ = {isa = PBXBuildFile; fileRef = 60D1B67C2BD2F1BA00EC2C55 /* HomeNetworkManager.swift */; };
		60D1B67F2BD2F46D00EC2C55 /* NetworkManager.swift in Sources */ = {isa = PBXBuildFile; fileRef = 60D1B67E2BD2F46D00EC2C55 /* NetworkManager.swift */; };
		60D1B6832BD2F71B00EC2C55 /* Product.swift in Sources */ = {isa = PBXBuildFile; fileRef = 60D1B6822BD2F71B00EC2C55 /* Product.swift */; };
		60D1B6872BD3019200EC2C55 /* ProductCell.swift in Sources */ = {isa = PBXBuildFile; fileRef = 60D1B6862BD3019200EC2C55 /* ProductCell.swift */; };
		60D1B6892BD3030E00EC2C55 /* HomeView.swift in Sources */ = {isa = PBXBuildFile; fileRef = 60D1B6882BD3030E00EC2C55 /* HomeView.swift */; };
		60D1B6912BD33AD300EC2C55 /* ProductCollectionView.swift in Sources */ = {isa = PBXBuildFile; fileRef = 60D1B6902BD33AD300EC2C55 /* ProductCollectionView.swift */; };
		60D1B6932BD35CB800EC2C55 /* BadgeButton.swift in Sources */ = {isa = PBXBuildFile; fileRef = 60D1B6922BD35CB800EC2C55 /* BadgeButton.swift */; };
		60D1B6962BD3934600EC2C55 /* CategoriesViewController.swift in Sources */ = {isa = PBXBuildFile; fileRef = 60D1B6952BD3934600EC2C55 /* CategoriesViewController.swift */; };
		60D1B6992BD3937400EC2C55 /* CartViewController.swift in Sources */ = {isa = PBXBuildFile; fileRef = 60D1B6982BD3937400EC2C55 /* CartViewController.swift */; };
		60D1B69B2BD3986500EC2C55 /* ProductDetailViewController.swift in Sources */ = {isa = PBXBuildFile; fileRef = 60D1B69A2BD3986500EC2C55 /* ProductDetailViewController.swift */; };
		60D1B69D2BD39B8500EC2C55 /* CategoriesPresenter.swift in Sources */ = {isa = PBXBuildFile; fileRef = 60D1B69C2BD39B8500EC2C55 /* CategoriesPresenter.swift */; };
		60D1B69F2BD39CCC00EC2C55 /* CategoriesNetworkManager.swift in Sources */ = {isa = PBXBuildFile; fileRef = 60D1B69E2BD39CCC00EC2C55 /* CategoriesNetworkManager.swift */; };
		60D1B6A32BD4159200EC2C55 /* ProductDetailPresenter.swift in Sources */ = {isa = PBXBuildFile; fileRef = 60D1B6A22BD4159200EC2C55 /* ProductDetailPresenter.swift */; };
		60D1B6A52BD4170B00EC2C55 /* ProductDetailNetworkManager.swift in Sources */ = {isa = PBXBuildFile; fileRef = 60D1B6A42BD4170B00EC2C55 /* ProductDetailNetworkManager.swift */; };
		60D1B6A72BD41A5900EC2C55 /* CartPresenter.swift in Sources */ = {isa = PBXBuildFile; fileRef = 60D1B6A62BD41A5900EC2C55 /* CartPresenter.swift */; };
		60D1B6A92BD41C5E00EC2C55 /* CartView.swift in Sources */ = {isa = PBXBuildFile; fileRef = 60D1B6A82BD41C5E00EC2C55 /* CartView.swift */; };
		60D1B6AB2BD41CB200EC2C55 /* CartCompositionalLayout.swift in Sources */ = {isa = PBXBuildFile; fileRef = 60D1B6AA2BD41CB200EC2C55 /* CartCompositionalLayout.swift */; };
		60D1B6AD2BD444AB00EC2C55 /* FeaturedProductCell.swift in Sources */ = {isa = PBXBuildFile; fileRef = 60D1B6AC2BD444AB00EC2C55 /* FeaturedProductCell.swift */; };
		60D1B6AF2BD4483300EC2C55 /* CartItemCell.swift in Sources */ = {isa = PBXBuildFile; fileRef = 60D1B6AE2BD4483300EC2C55 /* CartItemCell.swift */; };
		60D1B6B12BD46D0F00EC2C55 /* CartItem.swift in Sources */ = {isa = PBXBuildFile; fileRef = 60D1B6B02BD46D0F00EC2C55 /* CartItem.swift */; };
		60D1B6B42BD4BEB900EC2C55 /* products.json in Resources */ = {isa = PBXBuildFile; fileRef = 60D1B6B32BD4BEB900EC2C55 /* products.json */; };
		60D1B6B62BD4BEE100EC2C55 /* categories.json in Resources */ = {isa = PBXBuildFile; fileRef = 60D1B6B52BD4BEE100EC2C55 /* categories.json */; };
		60D1B6BA2BD4BF6600EC2C55 /* Mock.swift in Sources */ = {isa = PBXBuildFile; fileRef = 60D1B6B92BD4BF6600EC2C55 /* Mock.swift */; };
		60D1B6BC2BD4D92700EC2C55 /* Cache.swift in Sources */ = {isa = PBXBuildFile; fileRef = 60D1B6BB2BD4D92700EC2C55 /* Cache.swift */; };
		60D1B6BE2BD5915B00EC2C55 /* Stepper.swift in Sources */ = {isa = PBXBuildFile; fileRef = 60D1B6BD2BD5915B00EC2C55 /* Stepper.swift */; };
		60D1B6C02BD5AE9500EC2C55 /* ShimmerCell.swift in Sources */ = {isa = PBXBuildFile; fileRef = 60D1B6BF2BD5AE9500EC2C55 /* ShimmerCell.swift */; };
		60D1B6C22BD5D11B00EC2C55 /* PurchaseView.swift in Sources */ = {isa = PBXBuildFile; fileRef = 60D1B6C12BD5D11B00EC2C55 /* PurchaseView.swift */; };
		60D1B6CA2BD5E5CB00EC2C55 /* Walmart_ChileTests.swift in Sources */ = {isa = PBXBuildFile; fileRef = 60D1B6C92BD5E5CB00EC2C55 /* Walmart_ChileTests.swift */; };
		60D1B6D12BD5E5EA00EC2C55 /* CartTests.swift in Sources */ = {isa = PBXBuildFile; fileRef = 60D1B6D02BD5E5EA00EC2C55 /* CartTests.swift */; };
		60D1B6D32BD5FE6500EC2C55 /* Localizable.xcstrings in Resources */ = {isa = PBXBuildFile; fileRef = 60D1B6D22BD5FE6500EC2C55 /* Localizable.xcstrings */; };
		60D1B6D82BD6941200EC2C55 /* ErrorView.swift in Sources */ = {isa = PBXBuildFile; fileRef = 60D1B6D72BD6941200EC2C55 /* ErrorView.swift */; };
/* End PBXBuildFile section */

/* Begin PBXContainerItemProxy section */
		60D1B6CB2BD5E5CB00EC2C55 /* PBXContainerItemProxy */ = {
			isa = PBXContainerItemProxy;
			containerPortal = 60D1B6542BD2E88100EC2C55 /* Project object */;
			proxyType = 1;
			remoteGlobalIDString = 60D1B65B2BD2E88100EC2C55;
			remoteInfo = "Walmart Chile";
		};
/* End PBXContainerItemProxy section */

/* Begin PBXFileReference section */
		60D1B65C2BD2E88100EC2C55 /* Walmart Chile.app */ = {isa = PBXFileReference; explicitFileType = wrapper.application; includeInIndex = 0; path = "Walmart Chile.app"; sourceTree = BUILT_PRODUCTS_DIR; };
		60D1B65F2BD2E88100EC2C55 /* AppDelegate.swift */ = {isa = PBXFileReference; lastKnownFileType = sourcecode.swift; path = AppDelegate.swift; sourceTree = "<group>"; };
		60D1B6612BD2E88100EC2C55 /* SceneDelegate.swift */ = {isa = PBXFileReference; lastKnownFileType = sourcecode.swift; path = SceneDelegate.swift; sourceTree = "<group>"; };
		60D1B6682BD2E88200EC2C55 /* Assets.xcassets */ = {isa = PBXFileReference; lastKnownFileType = folder.assetcatalog; path = Assets.xcassets; sourceTree = "<group>"; };
		60D1B66B2BD2E88200EC2C55 /* Base */ = {isa = PBXFileReference; lastKnownFileType = file.storyboard; name = Base; path = Base.lproj/LaunchScreen.storyboard; sourceTree = "<group>"; };
		60D1B66D2BD2E88200EC2C55 /* Info.plist */ = {isa = PBXFileReference; lastKnownFileType = text.plist.xml; path = Info.plist; sourceTree = "<group>"; };
		60D1B6752BD2EB2600EC2C55 /* HomeViewController.swift */ = {isa = PBXFileReference; lastKnownFileType = sourcecode.swift; path = HomeViewController.swift; sourceTree = "<group>"; };
		60D1B6772BD2EC0E00EC2C55 /* HomePresenter.swift */ = {isa = PBXFileReference; lastKnownFileType = sourcecode.swift; path = HomePresenter.swift; sourceTree = "<group>"; };
		60D1B67A2BD2EF8600EC2C55 /* Cart.swift */ = {isa = PBXFileReference; lastKnownFileType = sourcecode.swift; path = Cart.swift; sourceTree = "<group>"; };
		60D1B67C2BD2F1BA00EC2C55 /* HomeNetworkManager.swift */ = {isa = PBXFileReference; lastKnownFileType = sourcecode.swift; path = HomeNetworkManager.swift; sourceTree = "<group>"; };
		60D1B67E2BD2F46D00EC2C55 /* NetworkManager.swift */ = {isa = PBXFileReference; lastKnownFileType = sourcecode.swift; path = NetworkManager.swift; sourceTree = "<group>"; };
		60D1B6822BD2F71B00EC2C55 /* Product.swift */ = {isa = PBXFileReference; lastKnownFileType = sourcecode.swift; path = Product.swift; sourceTree = "<group>"; };
		60D1B6862BD3019200EC2C55 /* ProductCell.swift */ = {isa = PBXFileReference; lastKnownFileType = sourcecode.swift; path = ProductCell.swift; sourceTree = "<group>"; };
		60D1B6882BD3030E00EC2C55 /* HomeView.swift */ = {isa = PBXFileReference; lastKnownFileType = sourcecode.swift; path = HomeView.swift; sourceTree = "<group>"; };
		60D1B6902BD33AD300EC2C55 /* ProductCollectionView.swift */ = {isa = PBXFileReference; lastKnownFileType = sourcecode.swift; path = ProductCollectionView.swift; sourceTree = "<group>"; };
		60D1B6922BD35CB800EC2C55 /* BadgeButton.swift */ = {isa = PBXFileReference; lastKnownFileType = sourcecode.swift; path = BadgeButton.swift; sourceTree = "<group>"; };
		60D1B6952BD3934600EC2C55 /* CategoriesViewController.swift */ = {isa = PBXFileReference; lastKnownFileType = sourcecode.swift; path = CategoriesViewController.swift; sourceTree = "<group>"; };
		60D1B6982BD3937400EC2C55 /* CartViewController.swift */ = {isa = PBXFileReference; lastKnownFileType = sourcecode.swift; path = CartViewController.swift; sourceTree = "<group>"; };
		60D1B69A2BD3986500EC2C55 /* ProductDetailViewController.swift */ = {isa = PBXFileReference; lastKnownFileType = sourcecode.swift; path = ProductDetailViewController.swift; sourceTree = "<group>"; };
		60D1B69C2BD39B8500EC2C55 /* CategoriesPresenter.swift */ = {isa = PBXFileReference; lastKnownFileType = sourcecode.swift; path = CategoriesPresenter.swift; sourceTree = "<group>"; };
		60D1B69E2BD39CCC00EC2C55 /* CategoriesNetworkManager.swift */ = {isa = PBXFileReference; lastKnownFileType = sourcecode.swift; path = CategoriesNetworkManager.swift; sourceTree = "<group>"; };
		60D1B6A22BD4159200EC2C55 /* ProductDetailPresenter.swift */ = {isa = PBXFileReference; lastKnownFileType = sourcecode.swift; path = ProductDetailPresenter.swift; sourceTree = "<group>"; };
		60D1B6A42BD4170B00EC2C55 /* ProductDetailNetworkManager.swift */ = {isa = PBXFileReference; lastKnownFileType = sourcecode.swift; path = ProductDetailNetworkManager.swift; sourceTree = "<group>"; };
		60D1B6A62BD41A5900EC2C55 /* CartPresenter.swift */ = {isa = PBXFileReference; lastKnownFileType = sourcecode.swift; path = CartPresenter.swift; sourceTree = "<group>"; };
		60D1B6A82BD41C5E00EC2C55 /* CartView.swift */ = {isa = PBXFileReference; lastKnownFileType = sourcecode.swift; path = CartView.swift; sourceTree = "<group>"; };
		60D1B6AA2BD41CB200EC2C55 /* CartCompositionalLayout.swift */ = {isa = PBXFileReference; lastKnownFileType = sourcecode.swift; path = CartCompositionalLayout.swift; sourceTree = "<group>"; };
		60D1B6AC2BD444AB00EC2C55 /* FeaturedProductCell.swift */ = {isa = PBXFileReference; lastKnownFileType = sourcecode.swift; path = FeaturedProductCell.swift; sourceTree = "<group>"; };
		60D1B6AE2BD4483300EC2C55 /* CartItemCell.swift */ = {isa = PBXFileReference; lastKnownFileType = sourcecode.swift; path = CartItemCell.swift; sourceTree = "<group>"; };
		60D1B6B02BD46D0F00EC2C55 /* CartItem.swift */ = {isa = PBXFileReference; lastKnownFileType = sourcecode.swift; path = CartItem.swift; sourceTree = "<group>"; };
		60D1B6B32BD4BEB900EC2C55 /* products.json */ = {isa = PBXFileReference; lastKnownFileType = text.json; path = products.json; sourceTree = "<group>"; };
		60D1B6B52BD4BEE100EC2C55 /* categories.json */ = {isa = PBXFileReference; lastKnownFileType = text.json; path = categories.json; sourceTree = "<group>"; };
		60D1B6B92BD4BF6600EC2C55 /* Mock.swift */ = {isa = PBXFileReference; lastKnownFileType = sourcecode.swift; path = Mock.swift; sourceTree = "<group>"; };
		60D1B6BB2BD4D92700EC2C55 /* Cache.swift */ = {isa = PBXFileReference; lastKnownFileType = sourcecode.swift; path = Cache.swift; sourceTree = "<group>"; };
		60D1B6BD2BD5915B00EC2C55 /* Stepper.swift */ = {isa = PBXFileReference; lastKnownFileType = sourcecode.swift; path = Stepper.swift; sourceTree = "<group>"; };
		60D1B6BF2BD5AE9500EC2C55 /* ShimmerCell.swift */ = {isa = PBXFileReference; lastKnownFileType = sourcecode.swift; path = ShimmerCell.swift; sourceTree = "<group>"; };
		60D1B6C12BD5D11B00EC2C55 /* PurchaseView.swift */ = {isa = PBXFileReference; lastKnownFileType = sourcecode.swift; path = PurchaseView.swift; sourceTree = "<group>"; };
		60D1B6C72BD5E5CB00EC2C55 /* Walmart ChileTests.xctest */ = {isa = PBXFileReference; explicitFileType = wrapper.cfbundle; includeInIndex = 0; path = "Walmart ChileTests.xctest"; sourceTree = BUILT_PRODUCTS_DIR; };
		60D1B6C92BD5E5CB00EC2C55 /* Walmart_ChileTests.swift */ = {isa = PBXFileReference; lastKnownFileType = sourcecode.swift; path = Walmart_ChileTests.swift; sourceTree = "<group>"; };
		60D1B6D02BD5E5EA00EC2C55 /* CartTests.swift */ = {isa = PBXFileReference; lastKnownFileType = sourcecode.swift; path = CartTests.swift; sourceTree = "<group>"; };
		60D1B6D22BD5FE6500EC2C55 /* Localizable.xcstrings */ = {isa = PBXFileReference; lastKnownFileType = text.json.xcstrings; path = Localizable.xcstrings; sourceTree = "<group>"; };
		60D1B6D72BD6941200EC2C55 /* ErrorView.swift */ = {isa = PBXFileReference; lastKnownFileType = sourcecode.swift; path = ErrorView.swift; sourceTree = "<group>"; };
/* End PBXFileReference section */

/* Begin PBXFrameworksBuildPhase section */
		60D1B6592BD2E88100EC2C55 /* Frameworks */ = {
			isa = PBXFrameworksBuildPhase;
			buildActionMask = 2147483647;
			files = (
			);
			runOnlyForDeploymentPostprocessing = 0;
		};
		60D1B6C42BD5E5CB00EC2C55 /* Frameworks */ = {
			isa = PBXFrameworksBuildPhase;
			buildActionMask = 2147483647;
			files = (
			);
			runOnlyForDeploymentPostprocessing = 0;
		};
/* End PBXFrameworksBuildPhase section */

/* Begin PBXGroup section */
		60D1B6532BD2E88100EC2C55 = {
			isa = PBXGroup;
			children = (
				60D1B65E2BD2E88100EC2C55 /* Walmart Chile */,
				60D1B6C82BD5E5CB00EC2C55 /* Walmart ChileTests */,
				60D1B65D2BD2E88100EC2C55 /* Products */,
			);
			sourceTree = "<group>";
		};
		60D1B65D2BD2E88100EC2C55 /* Products */ = {
			isa = PBXGroup;
			children = (
				60D1B65C2BD2E88100EC2C55 /* Walmart Chile.app */,
				60D1B6C72BD5E5CB00EC2C55 /* Walmart ChileTests.xctest */,
			);
			name = Products;
			sourceTree = "<group>";
		};
		60D1B65E2BD2E88100EC2C55 /* Walmart Chile */ = {
			isa = PBXGroup;
			children = (
				60D1B6B22BD4BEA000EC2C55 /* Mocks */,
				60D1B6812BD2F71200EC2C55 /* Models */,
				60D1B6732BD2EAFC00EC2C55 /* Modules */,
				60D1B65F2BD2E88100EC2C55 /* AppDelegate.swift */,
				60D1B6612BD2E88100EC2C55 /* SceneDelegate.swift */,
				60D1B6682BD2E88200EC2C55 /* Assets.xcassets */,
				60D1B66A2BD2E88200EC2C55 /* LaunchScreen.storyboard */,
				60D1B66D2BD2E88200EC2C55 /* Info.plist */,
				60D1B6BD2BD5915B00EC2C55 /* Stepper.swift */,
				60D1B6D22BD5FE6500EC2C55 /* Localizable.xcstrings */,
			);
			path = "Walmart Chile";
			sourceTree = "<group>";
		};
		60D1B6732BD2EAFC00EC2C55 /* Modules */ = {
			isa = PBXGroup;
			children = (
				60D1B6972BD3935400EC2C55 /* ProductDetail */,
				60D1B6942BD3931600EC2C55 /* Categories */,
				60D1B6802BD2F4CF00EC2C55 /* NetworkManager */,
				60D1B6792BD2EF7C00EC2C55 /* Cart */,
				60D1B6742BD2EB1300EC2C55 /* Home */,
				60D1B6922BD35CB800EC2C55 /* BadgeButton.swift */,
				60D1B6D72BD6941200EC2C55 /* ErrorView.swift */,
			);
			path = Modules;
			sourceTree = "<group>";
		};
		60D1B6742BD2EB1300EC2C55 /* Home */ = {
			isa = PBXGroup;
			children = (
				60D1B6852BD3017700EC2C55 /* Cells */,
				60D1B6752BD2EB2600EC2C55 /* HomeViewController.swift */,
				60D1B6772BD2EC0E00EC2C55 /* HomePresenter.swift */,
				60D1B67C2BD2F1BA00EC2C55 /* HomeNetworkManager.swift */,
				60D1B6882BD3030E00EC2C55 /* HomeView.swift */,
				60D1B6902BD33AD300EC2C55 /* ProductCollectionView.swift */,
				60D1B6C12BD5D11B00EC2C55 /* PurchaseView.swift */,
			);
			path = Home;
			sourceTree = "<group>";
		};
		60D1B6792BD2EF7C00EC2C55 /* Cart */ = {
			isa = PBXGroup;
			children = (
				60D1B67A2BD2EF8600EC2C55 /* Cart.swift */,
				60D1B6982BD3937400EC2C55 /* CartViewController.swift */,
				60D1B6A62BD41A5900EC2C55 /* CartPresenter.swift */,
				60D1B6A82BD41C5E00EC2C55 /* CartView.swift */,
				60D1B6AA2BD41CB200EC2C55 /* CartCompositionalLayout.swift */,
				60D1B6AE2BD4483300EC2C55 /* CartItemCell.swift */,
			);
			path = Cart;
			sourceTree = "<group>";
		};
		60D1B6802BD2F4CF00EC2C55 /* NetworkManager */ = {
			isa = PBXGroup;
			children = (
				60D1B67E2BD2F46D00EC2C55 /* NetworkManager.swift */,
				60D1B6BB2BD4D92700EC2C55 /* Cache.swift */,
			);
			path = NetworkManager;
			sourceTree = "<group>";
		};
		60D1B6812BD2F71200EC2C55 /* Models */ = {
			isa = PBXGroup;
			children = (
				60D1B6B02BD46D0F00EC2C55 /* CartItem.swift */,
				60D1B6822BD2F71B00EC2C55 /* Product.swift */,
			);
			path = Models;
			sourceTree = "<group>";
		};
		60D1B6852BD3017700EC2C55 /* Cells */ = {
			isa = PBXGroup;
			children = (
				60D1B6862BD3019200EC2C55 /* ProductCell.swift */,
				60D1B6AC2BD444AB00EC2C55 /* FeaturedProductCell.swift */,
				60D1B6BF2BD5AE9500EC2C55 /* ShimmerCell.swift */,
			);
			path = Cells;
			sourceTree = "<group>";
		};
		60D1B6942BD3931600EC2C55 /* Categories */ = {
			isa = PBXGroup;
			children = (
				60D1B6952BD3934600EC2C55 /* CategoriesViewController.swift */,
				60D1B69C2BD39B8500EC2C55 /* CategoriesPresenter.swift */,
				60D1B69E2BD39CCC00EC2C55 /* CategoriesNetworkManager.swift */,
			);
			path = Categories;
			sourceTree = "<group>";
		};
		60D1B6972BD3935400EC2C55 /* ProductDetail */ = {
			isa = PBXGroup;
			children = (
				60D1B69A2BD3986500EC2C55 /* ProductDetailViewController.swift */,
				60D1B6A22BD4159200EC2C55 /* ProductDetailPresenter.swift */,
				60D1B6A42BD4170B00EC2C55 /* ProductDetailNetworkManager.swift */,
			);
			path = ProductDetail;
			sourceTree = "<group>";
		};
		60D1B6B22BD4BEA000EC2C55 /* Mocks */ = {
			isa = PBXGroup;
			children = (
				60D1B6B32BD4BEB900EC2C55 /* products.json */,
				60D1B6B52BD4BEE100EC2C55 /* categories.json */,
				60D1B6B92BD4BF6600EC2C55 /* Mock.swift */,
			);
			path = Mocks;
			sourceTree = "<group>";
		};
		60D1B6C82BD5E5CB00EC2C55 /* Walmart ChileTests */ = {
			isa = PBXGroup;
			children = (
				60D1B6C92BD5E5CB00EC2C55 /* Walmart_ChileTests.swift */,
				60D1B6D02BD5E5EA00EC2C55 /* CartTests.swift */,
			);
			path = "Walmart ChileTests";
			sourceTree = "<group>";
		};
/* End PBXGroup section */

/* Begin PBXNativeTarget section */
		60D1B65B2BD2E88100EC2C55 /* Walmart Chile */ = {
			isa = PBXNativeTarget;
			buildConfigurationList = 60D1B6702BD2E88200EC2C55 /* Build configuration list for PBXNativeTarget "Walmart Chile" */;
			buildPhases = (
				60D1B6582BD2E88100EC2C55 /* Sources */,
				60D1B6592BD2E88100EC2C55 /* Frameworks */,
				60D1B65A2BD2E88100EC2C55 /* Resources */,
			);
			buildRules = (
			);
			dependencies = (
			);
			name = "Walmart Chile";
			productName = "Walmart Chile";
			productReference = 60D1B65C2BD2E88100EC2C55 /* Walmart Chile.app */;
			productType = "com.apple.product-type.application";
		};
		60D1B6C62BD5E5CB00EC2C55 /* Walmart ChileTests */ = {
			isa = PBXNativeTarget;
			buildConfigurationList = 60D1B6CD2BD5E5CB00EC2C55 /* Build configuration list for PBXNativeTarget "Walmart ChileTests" */;
			buildPhases = (
				60D1B6C32BD5E5CB00EC2C55 /* Sources */,
				60D1B6C42BD5E5CB00EC2C55 /* Frameworks */,
				60D1B6C52BD5E5CB00EC2C55 /* Resources */,
			);
			buildRules = (
			);
			dependencies = (
				60D1B6CC2BD5E5CB00EC2C55 /* PBXTargetDependency */,
			);
			name = "Walmart ChileTests";
			productName = "Walmart ChileTests";
			productReference = 60D1B6C72BD5E5CB00EC2C55 /* Walmart ChileTests.xctest */;
			productType = "com.apple.product-type.bundle.unit-test";
		};
/* End PBXNativeTarget section */

/* Begin PBXProject section */
		60D1B6542BD2E88100EC2C55 /* Project object */ = {
			isa = PBXProject;
			attributes = {
				BuildIndependentTargetsInParallel = 1;
				LastSwiftUpdateCheck = 1510;
				LastUpgradeCheck = 1510;
				TargetAttributes = {
					60D1B65B2BD2E88100EC2C55 = {
						CreatedOnToolsVersion = 15.1;
					};
					60D1B6C62BD5E5CB00EC2C55 = {
						CreatedOnToolsVersion = 15.1;
						TestTargetID = 60D1B65B2BD2E88100EC2C55;
					};
				};
			};
			buildConfigurationList = 60D1B6572BD2E88100EC2C55 /* Build configuration list for PBXProject "Walmart Chile" */;
			compatibilityVersion = "Xcode 14.0";
			developmentRegion = en;
			hasScannedForEncodings = 0;
			knownRegions = (
				en,
				Base,
				es,
			);
			mainGroup = 60D1B6532BD2E88100EC2C55;
			productRefGroup = 60D1B65D2BD2E88100EC2C55 /* Products */;
			projectDirPath = "";
			projectRoot = "";
			targets = (
				60D1B65B2BD2E88100EC2C55 /* Walmart Chile */,
				60D1B6C62BD5E5CB00EC2C55 /* Walmart ChileTests */,
			);
		};
/* End PBXProject section */

/* Begin PBXResourcesBuildPhase section */
		60D1B65A2BD2E88100EC2C55 /* Resources */ = {
			isa = PBXResourcesBuildPhase;
			buildActionMask = 2147483647;
			files = (
				60D1B6B42BD4BEB900EC2C55 /* products.json in Resources */,
				60D1B6D32BD5FE6500EC2C55 /* Localizable.xcstrings in Resources */,
				60D1B6B62BD4BEE100EC2C55 /* categories.json in Resources */,
				60D1B66C2BD2E88200EC2C55 /* LaunchScreen.storyboard in Resources */,
				60D1B6692BD2E88200EC2C55 /* Assets.xcassets in Resources */,
			);
			runOnlyForDeploymentPostprocessing = 0;
		};
		60D1B6C52BD5E5CB00EC2C55 /* Resources */ = {
			isa = PBXResourcesBuildPhase;
			buildActionMask = 2147483647;
			files = (
			);
			runOnlyForDeploymentPostprocessing = 0;
		};
/* End PBXResourcesBuildPhase section */

/* Begin PBXSourcesBuildPhase section */
		60D1B6582BD2E88100EC2C55 /* Sources */ = {
			isa = PBXSourcesBuildPhase;
			buildActionMask = 2147483647;
			files = (
				60D1B6602BD2E88100EC2C55 /* AppDelegate.swift in Sources */,
				60D1B6832BD2F71B00EC2C55 /* Product.swift in Sources */,
				60D1B6AF2BD4483300EC2C55 /* CartItemCell.swift in Sources */,
				60D1B6C22BD5D11B00EC2C55 /* PurchaseView.swift in Sources */,
				60D1B6622BD2E88100EC2C55 /* SceneDelegate.swift in Sources */,
				60D1B6892BD3030E00EC2C55 /* HomeView.swift in Sources */,
				60D1B6A92BD41C5E00EC2C55 /* CartView.swift in Sources */,
				60D1B6D82BD6941200EC2C55 /* ErrorView.swift in Sources */,
				60D1B67B2BD2EF8600EC2C55 /* Cart.swift in Sources */,
				60D1B69D2BD39B8500EC2C55 /* CategoriesPresenter.swift in Sources */,
				60D1B6BA2BD4BF6600EC2C55 /* Mock.swift in Sources */,
				60D1B67F2BD2F46D00EC2C55 /* NetworkManager.swift in Sources */,
				60D1B6AB2BD41CB200EC2C55 /* CartCompositionalLayout.swift in Sources */,
				60D1B6A72BD41A5900EC2C55 /* CartPresenter.swift in Sources */,
				60D1B69F2BD39CCC00EC2C55 /* CategoriesNetworkManager.swift in Sources */,
				60D1B6BC2BD4D92700EC2C55 /* Cache.swift in Sources */,
				60D1B6762BD2EB2600EC2C55 /* HomeViewController.swift in Sources */,
				60D1B6932BD35CB800EC2C55 /* BadgeButton.swift in Sources */,
				60D1B69B2BD3986500EC2C55 /* ProductDetailViewController.swift in Sources */,
				60D1B6872BD3019200EC2C55 /* ProductCell.swift in Sources */,
				60D1B6A52BD4170B00EC2C55 /* ProductDetailNetworkManager.swift in Sources */,
				60D1B6782BD2EC0E00EC2C55 /* HomePresenter.swift in Sources */,
				60D1B6A32BD4159200EC2C55 /* ProductDetailPresenter.swift in Sources */,
				60D1B6992BD3937400EC2C55 /* CartViewController.swift in Sources */,
				60D1B6912BD33AD300EC2C55 /* ProductCollectionView.swift in Sources */,
				60D1B6AD2BD444AB00EC2C55 /* FeaturedProductCell.swift in Sources */,
				60D1B67D2BD2F1BA00EC2C55 /* HomeNetworkManager.swift in Sources */,
				60D1B6B12BD46D0F00EC2C55 /* CartItem.swift in Sources */,
				60D1B6BE2BD5915B00EC2C55 /* Stepper.swift in Sources */,
				60D1B6962BD3934600EC2C55 /* CategoriesViewController.swift in Sources */,
				60D1B6C02BD5AE9500EC2C55 /* ShimmerCell.swift in Sources */,
			);
			runOnlyForDeploymentPostprocessing = 0;
		};
		60D1B6C32BD5E5CB00EC2C55 /* Sources */ = {
			isa = PBXSourcesBuildPhase;
			buildActionMask = 2147483647;
			files = (
				60D1B6CA2BD5E5CB00EC2C55 /* Walmart_ChileTests.swift in Sources */,
				60D1B6D12BD5E5EA00EC2C55 /* CartTests.swift in Sources */,
			);
			runOnlyForDeploymentPostprocessing = 0;
		};
/* End PBXSourcesBuildPhase section */

/* Begin PBXTargetDependency section */
		60D1B6CC2BD5E5CB00EC2C55 /* PBXTargetDependency */ = {
			isa = PBXTargetDependency;
			target = 60D1B65B2BD2E88100EC2C55 /* Walmart Chile */;
			targetProxy = 60D1B6CB2BD5E5CB00EC2C55 /* PBXContainerItemProxy */;
		};
/* End PBXTargetDependency section */

/* Begin PBXVariantGroup section */
		60D1B66A2BD2E88200EC2C55 /* LaunchScreen.storyboard */ = {
			isa = PBXVariantGroup;
			children = (
				60D1B66B2BD2E88200EC2C55 /* Base */,
			);
			name = LaunchScreen.storyboard;
			sourceTree = "<group>";
		};
/* End PBXVariantGroup section */

/* Begin XCBuildConfiguration section */
		60D1B66E2BD2E88200EC2C55 /* Debug */ = {
			isa = XCBuildConfiguration;
			buildSettings = {
				ALWAYS_SEARCH_USER_PATHS = NO;
				ASSETCATALOG_COMPILER_GENERATE_SWIFT_ASSET_SYMBOL_EXTENSIONS = YES;
				CLANG_ANALYZER_NONNULL = YES;
				CLANG_ANALYZER_NUMBER_OBJECT_CONVERSION = YES_AGGRESSIVE;
				CLANG_CXX_LANGUAGE_STANDARD = "gnu++20";
				CLANG_ENABLE_MODULES = YES;
				CLANG_ENABLE_OBJC_ARC = YES;
				CLANG_ENABLE_OBJC_WEAK = YES;
				CLANG_WARN_BLOCK_CAPTURE_AUTORELEASING = YES;
				CLANG_WARN_BOOL_CONVERSION = YES;
				CLANG_WARN_COMMA = YES;
				CLANG_WARN_CONSTANT_CONVERSION = YES;
				CLANG_WARN_DEPRECATED_OBJC_IMPLEMENTATIONS = YES;
				CLANG_WARN_DIRECT_OBJC_ISA_USAGE = YES_ERROR;
				CLANG_WARN_DOCUMENTATION_COMMENTS = YES;
				CLANG_WARN_EMPTY_BODY = YES;
				CLANG_WARN_ENUM_CONVERSION = YES;
				CLANG_WARN_INFINITE_RECURSION = YES;
				CLANG_WARN_INT_CONVERSION = YES;
				CLANG_WARN_NON_LITERAL_NULL_CONVERSION = YES;
				CLANG_WARN_OBJC_IMPLICIT_RETAIN_SELF = YES;
				CLANG_WARN_OBJC_LITERAL_CONVERSION = YES;
				CLANG_WARN_OBJC_ROOT_CLASS = YES_ERROR;
				CLANG_WARN_QUOTED_INCLUDE_IN_FRAMEWORK_HEADER = YES;
				CLANG_WARN_RANGE_LOOP_ANALYSIS = YES;
				CLANG_WARN_STRICT_PROTOTYPES = YES;
				CLANG_WARN_SUSPICIOUS_MOVE = YES;
				CLANG_WARN_UNGUARDED_AVAILABILITY = YES_AGGRESSIVE;
				CLANG_WARN_UNREACHABLE_CODE = YES;
				CLANG_WARN__DUPLICATE_METHOD_MATCH = YES;
				COPY_PHASE_STRIP = NO;
				DEBUG_INFORMATION_FORMAT = dwarf;
				ENABLE_STRICT_OBJC_MSGSEND = YES;
				ENABLE_TESTABILITY = YES;
				ENABLE_USER_SCRIPT_SANDBOXING = YES;
				GCC_C_LANGUAGE_STANDARD = gnu17;
				GCC_DYNAMIC_NO_PIC = NO;
				GCC_NO_COMMON_BLOCKS = YES;
				GCC_OPTIMIZATION_LEVEL = 0;
				GCC_PREPROCESSOR_DEFINITIONS = (
					"DEBUG=1",
					"$(inherited)",
				);
				GCC_WARN_64_TO_32_BIT_CONVERSION = YES;
				GCC_WARN_ABOUT_RETURN_TYPE = YES_ERROR;
				GCC_WARN_UNDECLARED_SELECTOR = YES;
				GCC_WARN_UNINITIALIZED_AUTOS = YES_AGGRESSIVE;
				GCC_WARN_UNUSED_FUNCTION = YES;
				GCC_WARN_UNUSED_VARIABLE = YES;
				IPHONEOS_DEPLOYMENT_TARGET = 17.2;
				LOCALIZATION_PREFERS_STRING_CATALOGS = YES;
				MTL_ENABLE_DEBUG_INFO = INCLUDE_SOURCE;
				MTL_FAST_MATH = YES;
				ONLY_ACTIVE_ARCH = YES;
				SDKROOT = iphoneos;
				SWIFT_ACTIVE_COMPILATION_CONDITIONS = "DEBUG $(inherited)";
				SWIFT_OPTIMIZATION_LEVEL = "-Onone";
			};
			name = Debug;
		};
		60D1B66F2BD2E88200EC2C55 /* Release */ = {
			isa = XCBuildConfiguration;
			buildSettings = {
				ALWAYS_SEARCH_USER_PATHS = NO;
				ASSETCATALOG_COMPILER_GENERATE_SWIFT_ASSET_SYMBOL_EXTENSIONS = YES;
				CLANG_ANALYZER_NONNULL = YES;
				CLANG_ANALYZER_NUMBER_OBJECT_CONVERSION = YES_AGGRESSIVE;
				CLANG_CXX_LANGUAGE_STANDARD = "gnu++20";
				CLANG_ENABLE_MODULES = YES;
				CLANG_ENABLE_OBJC_ARC = YES;
				CLANG_ENABLE_OBJC_WEAK = YES;
				CLANG_WARN_BLOCK_CAPTURE_AUTORELEASING = YES;
				CLANG_WARN_BOOL_CONVERSION = YES;
				CLANG_WARN_COMMA = YES;
				CLANG_WARN_CONSTANT_CONVERSION = YES;
				CLANG_WARN_DEPRECATED_OBJC_IMPLEMENTATIONS = YES;
				CLANG_WARN_DIRECT_OBJC_ISA_USAGE = YES_ERROR;
				CLANG_WARN_DOCUMENTATION_COMMENTS = YES;
				CLANG_WARN_EMPTY_BODY = YES;
				CLANG_WARN_ENUM_CONVERSION = YES;
				CLANG_WARN_INFINITE_RECURSION = YES;
				CLANG_WARN_INT_CONVERSION = YES;
				CLANG_WARN_NON_LITERAL_NULL_CONVERSION = YES;
				CLANG_WARN_OBJC_IMPLICIT_RETAIN_SELF = YES;
				CLANG_WARN_OBJC_LITERAL_CONVERSION = YES;
				CLANG_WARN_OBJC_ROOT_CLASS = YES_ERROR;
				CLANG_WARN_QUOTED_INCLUDE_IN_FRAMEWORK_HEADER = YES;
				CLANG_WARN_RANGE_LOOP_ANALYSIS = YES;
				CLANG_WARN_STRICT_PROTOTYPES = YES;
				CLANG_WARN_SUSPICIOUS_MOVE = YES;
				CLANG_WARN_UNGUARDED_AVAILABILITY = YES_AGGRESSIVE;
				CLANG_WARN_UNREACHABLE_CODE = YES;
				CLANG_WARN__DUPLICATE_METHOD_MATCH = YES;
				COPY_PHASE_STRIP = NO;
				DEBUG_INFORMATION_FORMAT = "dwarf-with-dsym";
				ENABLE_NS_ASSERTIONS = NO;
				ENABLE_STRICT_OBJC_MSGSEND = YES;
				ENABLE_USER_SCRIPT_SANDBOXING = YES;
				GCC_C_LANGUAGE_STANDARD = gnu17;
				GCC_NO_COMMON_BLOCKS = YES;
				GCC_WARN_64_TO_32_BIT_CONVERSION = YES;
				GCC_WARN_ABOUT_RETURN_TYPE = YES_ERROR;
				GCC_WARN_UNDECLARED_SELECTOR = YES;
				GCC_WARN_UNINITIALIZED_AUTOS = YES_AGGRESSIVE;
				GCC_WARN_UNUSED_FUNCTION = YES;
				GCC_WARN_UNUSED_VARIABLE = YES;
				IPHONEOS_DEPLOYMENT_TARGET = 17.2;
				LOCALIZATION_PREFERS_STRING_CATALOGS = YES;
				MTL_ENABLE_DEBUG_INFO = NO;
				MTL_FAST_MATH = YES;
				SDKROOT = iphoneos;
				SWIFT_COMPILATION_MODE = wholemodule;
				VALIDATE_PRODUCT = YES;
			};
			name = Release;
		};
		60D1B6712BD2E88200EC2C55 /* Debug */ = {
			isa = XCBuildConfiguration;
			buildSettings = {
				ASSETCATALOG_COMPILER_APPICON_NAME = AppIcon;
				ASSETCATALOG_COMPILER_GLOBAL_ACCENT_COLOR_NAME = AccentColor;
				CODE_SIGN_STYLE = Automatic;
				CURRENT_PROJECT_VERSION = 1;
				DEVELOPMENT_TEAM = VHNQM2U5QT;
				GENERATE_INFOPLIST_FILE = YES;
				INFOPLIST_FILE = "Walmart Chile/Info.plist";
				INFOPLIST_KEY_UIApplicationSupportsIndirectInputEvents = YES;
				INFOPLIST_KEY_UILaunchStoryboardName = LaunchScreen;
				INFOPLIST_KEY_UISupportedInterfaceOrientations_iPad = "UIInterfaceOrientationPortrait UIInterfaceOrientationPortraitUpsideDown UIInterfaceOrientationLandscapeLeft UIInterfaceOrientationLandscapeRight";
				INFOPLIST_KEY_UISupportedInterfaceOrientations_iPhone = "UIInterfaceOrientationPortrait UIInterfaceOrientationLandscapeLeft UIInterfaceOrientationLandscapeRight";
				IPHONEOS_DEPLOYMENT_TARGET = 15.0;
				LD_RUNPATH_SEARCH_PATHS = (
					"$(inherited)",
					"@executable_path/Frameworks",
				);
				MARKETING_VERSION = 1.0;
				PRODUCT_BUNDLE_IDENTIFIER = "com.sgarciaanato.Walmart-Chile";
				PRODUCT_NAME = "$(TARGET_NAME)";
				SWIFT_EMIT_LOC_STRINGS = YES;
				SWIFT_VERSION = 5.0;
				TARGETED_DEVICE_FAMILY = "1,2";
			};
			name = Debug;
		};
		60D1B6722BD2E88200EC2C55 /* Release */ = {
			isa = XCBuildConfiguration;
			buildSettings = {
				ASSETCATALOG_COMPILER_APPICON_NAME = AppIcon;
				ASSETCATALOG_COMPILER_GLOBAL_ACCENT_COLOR_NAME = AccentColor;
				CODE_SIGN_STYLE = Automatic;
				CURRENT_PROJECT_VERSION = 1;
				DEVELOPMENT_TEAM = VHNQM2U5QT;
				GENERATE_INFOPLIST_FILE = YES;
				INFOPLIST_FILE = "Walmart Chile/Info.plist";
				INFOPLIST_KEY_UIApplicationSupportsIndirectInputEvents = YES;
				INFOPLIST_KEY_UILaunchStoryboardName = LaunchScreen;
				INFOPLIST_KEY_UISupportedInterfaceOrientations_iPad = "UIInterfaceOrientationPortrait UIInterfaceOrientationPortraitUpsideDown UIInterfaceOrientationLandscapeLeft UIInterfaceOrientationLandscapeRight";
				INFOPLIST_KEY_UISupportedInterfaceOrientations_iPhone = "UIInterfaceOrientationPortrait UIInterfaceOrientationLandscapeLeft UIInterfaceOrientationLandscapeRight";
				IPHONEOS_DEPLOYMENT_TARGET = 15.0;
				LD_RUNPATH_SEARCH_PATHS = (
					"$(inherited)",
					"@executable_path/Frameworks",
				);
				MARKETING_VERSION = 1.0;
				PRODUCT_BUNDLE_IDENTIFIER = "com.sgarciaanato.Walmart-Chile";
				PRODUCT_NAME = "$(TARGET_NAME)";
				SWIFT_EMIT_LOC_STRINGS = YES;
				SWIFT_VERSION = 5.0;
				TARGETED_DEVICE_FAMILY = "1,2";
			};
			name = Release;
		};
		60D1B6CE2BD5E5CB00EC2C55 /* Debug */ = {
			isa = XCBuildConfiguration;
			buildSettings = {
				BUNDLE_LOADER = "$(TEST_HOST)";
				CODE_SIGN_STYLE = Automatic;
				CURRENT_PROJECT_VERSION = 1;
				DEVELOPMENT_TEAM = VHNQM2U5QT;
				GENERATE_INFOPLIST_FILE = YES;
				MARKETING_VERSION = 1.0;
				PRODUCT_BUNDLE_IDENTIFIER = "com.sgarciaanato.Walmart-ChileTests";
				PRODUCT_NAME = "$(TARGET_NAME)";
				SWIFT_EMIT_LOC_STRINGS = NO;
				SWIFT_VERSION = 5.0;
				TARGETED_DEVICE_FAMILY = "1,2";
				TEST_HOST = "$(BUILT_PRODUCTS_DIR)/Walmart Chile.app/$(BUNDLE_EXECUTABLE_FOLDER_PATH)/Walmart Chile";
			};
			name = Debug;
		};
		60D1B6CF2BD5E5CB00EC2C55 /* Release */ = {
			isa = XCBuildConfiguration;
			buildSettings = {
				BUNDLE_LOADER = "$(TEST_HOST)";
				CODE_SIGN_STYLE = Automatic;
				CURRENT_PROJECT_VERSION = 1;
				DEVELOPMENT_TEAM = VHNQM2U5QT;
				GENERATE_INFOPLIST_FILE = YES;
				MARKETING_VERSION = 1.0;
				PRODUCT_BUNDLE_IDENTIFIER = "com.sgarciaanato.Walmart-ChileTests";
				PRODUCT_NAME = "$(TARGET_NAME)";
				SWIFT_EMIT_LOC_STRINGS = NO;
				SWIFT_VERSION = 5.0;
				TARGETED_DEVICE_FAMILY = "1,2";
				TEST_HOST = "$(BUILT_PRODUCTS_DIR)/Walmart Chile.app/$(BUNDLE_EXECUTABLE_FOLDER_PATH)/Walmart Chile";
			};
			name = Release;
		};
/* End XCBuildConfiguration section */

/* Begin XCConfigurationList section */
		60D1B6572BD2E88100EC2C55 /* Build configuration list for PBXProject "Walmart Chile" */ = {
			isa = XCConfigurationList;
			buildConfigurations = (
				60D1B66E2BD2E88200EC2C55 /* Debug */,
				60D1B66F2BD2E88200EC2C55 /* Release */,
			);
			defaultConfigurationIsVisible = 0;
			defaultConfigurationName = Release;
		};
		60D1B6702BD2E88200EC2C55 /* Build configuration list for PBXNativeTarget "Walmart Chile" */ = {
			isa = XCConfigurationList;
			buildConfigurations = (
				60D1B6712BD2E88200EC2C55 /* Debug */,
				60D1B6722BD2E88200EC2C55 /* Release */,
			);
			defaultConfigurationIsVisible = 0;
			defaultConfigurationName = Release;
		};
		60D1B6CD2BD5E5CB00EC2C55 /* Build configuration list for PBXNativeTarget "Walmart ChileTests" */ = {
			isa = XCConfigurationList;
			buildConfigurations = (
				60D1B6CE2BD5E5CB00EC2C55 /* Debug */,
				60D1B6CF2BD5E5CB00EC2C55 /* Release */,
			);
			defaultConfigurationIsVisible = 0;
			defaultConfigurationName = Release;
		};
/* End XCConfigurationList section */
	};
	rootObject = 60D1B6542BD2E88100EC2C55 /* Project object */;
}
