// !$*UTF8*$!
{
	archiveVersion = 1;
	classes = {
	};
	objectVersion = 56;
	objects = {

/* Begin PBXBuildFile section */
		60D1B6602BD2E88100EC2C55 /* AppDelegate.swift in Sources */ = {isa = PBXBuildFile; fileRef = 60D1B65F2BD2E88100EC2C55 /* AppDelegate.swift */; };
		60D1B6622BD2E88100EC2C55 /* SceneDelegate.swift in Sources */ = {isa = PBXBuildFile; fileRef = 60D1B6612BD2E88100EC2C55 /* SceneDelegate.swift */; };
		60D1B6692BD2E88200EC2C55 /* Assets.xcassets in Resources */ = {isa = PBXBuildFile; fileRef = 60D1B6682BD2E88200EC2C55 /* Assets.xcassets */; };
		60D1B66C2BD2E88200EC2C55 /* LaunchScreen.storyboard in Resources */ = {isa = PBXBuildFile; fileRef = 60D1B66A2BD2E88200EC2C55 /* LaunchScreen.storyboard */; };
		60D1B6762BD2EB2600EC2C55 /* HomeViewController.swift in Sources */ = {isa = PBXBuildFile; fileRef = 60D1B6752BD2EB2600EC2C55 /* HomeViewController.swift */; };
		60D1B6782BD2EC0E00EC2C55 /* HomePresenter.swift in Sources */ = {isa = PBXBuildFile; fileRef = 60D1B6772BD2EC0E00EC2C55 /* HomePresenter.swift */; };
		60D1B67B2BD2EF8600EC2C55 /* Cart.swift in Sources */ = {isa = PBXBuildFile; fileRef = 60D1B67A2BD2EF8600EC2C55 /* Cart.swift */; };
		60D1B67D2BD2F1BA00EC2C55 /* HomeNetworkManager.swift in Sources */ = {isa = PBXBuildFile; fileRef = 60D1B67C2BD2F1BA00EC2C55 /* HomeNetworkManager.swift */; };
		60D1B67F2BD2F46D00EC2C55 /* NetworkManager.swift in Sources */ = {isa = PBXBuildFile; fileRef = 60D1B67E2BD2F46D00EC2C55 /* NetworkManager.swift */; };
		60D1B6832BD2F71B00EC2C55 /* Product.swift in Sources */ = {isa = PBXBuildFile; fileRef = 60D1B6822BD2F71B00EC2C55 /* Product.swift */; };
		60D1B6872BD3019200EC2C55 /* ProductCell.swift in Sources */ = {isa = PBXBuildFile; fileRef = 60D1B6862BD3019200EC2C55 /* ProductCell.swift */; };
		60D1B6892BD3030E00EC2C55 /* HomeView.swift in Sources */ = {isa = PBXBuildFile; fileRef = 60D1B6882BD3030E00EC2C55 /* HomeView.swift */; };
		60D1B68B2BD3063500EC2C55 /* ProductsDataSource.swift in Sources */ = {isa = PBXBuildFile; fileRef = 60D1B68A2BD3063500EC2C55 /* ProductsDataSource.swift */; };
		60D1B68D2BD318C500EC2C55 /* ProductsCompositionalLayout.swift in Sources */ = {isa = PBXBuildFile; fileRef = 60D1B68C2BD318C500EC2C55 /* ProductsCompositionalLayout.swift */; };
		60D1B68F2BD3233600EC2C55 /* FeaturedProductView.swift in Sources */ = {isa = PBXBuildFile; fileRef = 60D1B68E2BD3233600EC2C55 /* FeaturedProductView.swift */; };
/* End PBXBuildFile section */

/* Begin PBXFileReference section */
		60D1B65C2BD2E88100EC2C55 /* Walmart Chile.app */ = {isa = PBXFileReference; explicitFileType = wrapper.application; includeInIndex = 0; path = "Walmart Chile.app"; sourceTree = BUILT_PRODUCTS_DIR; };
		60D1B65F2BD2E88100EC2C55 /* AppDelegate.swift */ = {isa = PBXFileReference; lastKnownFileType = sourcecode.swift; path = AppDelegate.swift; sourceTree = "<group>"; };
		60D1B6612BD2E88100EC2C55 /* SceneDelegate.swift */ = {isa = PBXFileReference; lastKnownFileType = sourcecode.swift; path = SceneDelegate.swift; sourceTree = "<group>"; };
		60D1B6682BD2E88200EC2C55 /* Assets.xcassets */ = {isa = PBXFileReference; lastKnownFileType = folder.assetcatalog; path = Assets.xcassets; sourceTree = "<group>"; };
		60D1B66B2BD2E88200EC2C55 /* Base */ = {isa = PBXFileReference; lastKnownFileType = file.storyboard; name = Base; path = Base.lproj/LaunchScreen.storyboard; sourceTree = "<group>"; };
		60D1B66D2BD2E88200EC2C55 /* Info.plist */ = {isa = PBXFileReference; lastKnownFileType = text.plist.xml; path = Info.plist; sourceTree = "<group>"; };
		60D1B6752BD2EB2600EC2C55 /* HomeViewController.swift */ = {isa = PBXFileReference; lastKnownFileType = sourcecode.swift; path = HomeViewController.swift; sourceTree = "<group>"; };
		60D1B6772BD2EC0E00EC2C55 /* HomePresenter.swift */ = {isa = PBXFileReference; lastKnownFileType = sourcecode.swift; path = HomePresenter.swift; sourceTree = "<group>"; };
		60D1B67A2BD2EF8600EC2C55 /* Cart.swift */ = {isa = PBXFileReference; lastKnownFileType = sourcecode.swift; path = Cart.swift; sourceTree = "<group>"; };
		60D1B67C2BD2F1BA00EC2C55 /* HomeNetworkManager.swift */ = {isa = PBXFileReference; lastKnownFileType = sourcecode.swift; path = HomeNetworkManager.swift; sourceTree = "<group>"; };
		60D1B67E2BD2F46D00EC2C55 /* NetworkManager.swift */ = {isa = PBXFileReference; lastKnownFileType = sourcecode.swift; path = NetworkManager.swift; sourceTree = "<group>"; };
		60D1B6822BD2F71B00EC2C55 /* Product.swift */ = {isa = PBXFileReference; lastKnownFileType = sourcecode.swift; path = Product.swift; sourceTree = "<group>"; };
		60D1B6862BD3019200EC2C55 /* ProductCell.swift */ = {isa = PBXFileReference; lastKnownFileType = sourcecode.swift; path = ProductCell.swift; sourceTree = "<group>"; };
		60D1B6882BD3030E00EC2C55 /* HomeView.swift */ = {isa = PBXFileReference; lastKnownFileType = sourcecode.swift; path = HomeView.swift; sourceTree = "<group>"; };
		60D1B68A2BD3063500EC2C55 /* ProductsDataSource.swift */ = {isa = PBXFileReference; lastKnownFileType = sourcecode.swift; path = ProductsDataSource.swift; sourceTree = "<group>"; };
		60D1B68C2BD318C500EC2C55 /* ProductsCompositionalLayout.swift */ = {isa = PBXFileReference; lastKnownFileType = sourcecode.swift; path = ProductsCompositionalLayout.swift; sourceTree = "<group>"; };
		60D1B68E2BD3233600EC2C55 /* FeaturedProductView.swift */ = {isa = PBXFileReference; lastKnownFileType = sourcecode.swift; path = FeaturedProductView.swift; sourceTree = "<group>"; };
/* End PBXFileReference section */

/* Begin PBXFrameworksBuildPhase section */
		60D1B6592BD2E88100EC2C55 /* Frameworks */ = {
			isa = PBXFrameworksBuildPhase;
			buildActionMask = 2147483647;
			files = (
			);
			runOnlyForDeploymentPostprocessing = 0;
		};
/* End PBXFrameworksBuildPhase section */

/* Begin PBXGroup section */
		60D1B6532BD2E88100EC2C55 = {
			isa = PBXGroup;
			children = (
				60D1B65E2BD2E88100EC2C55 /* Walmart Chile */,
				60D1B65D2BD2E88100EC2C55 /* Products */,
			);
			sourceTree = "<group>";
		};
		60D1B65D2BD2E88100EC2C55 /* Products */ = {
			isa = PBXGroup;
			children = (
				60D1B65C2BD2E88100EC2C55 /* Walmart Chile.app */,
			);
			name = Products;
			sourceTree = "<group>";
		};
		60D1B65E2BD2E88100EC2C55 /* Walmart Chile */ = {
			isa = PBXGroup;
			children = (
				60D1B6812BD2F71200EC2C55 /* Models */,
				60D1B6732BD2EAFC00EC2C55 /* Modules */,
				60D1B65F2BD2E88100EC2C55 /* AppDelegate.swift */,
				60D1B6612BD2E88100EC2C55 /* SceneDelegate.swift */,
				60D1B6682BD2E88200EC2C55 /* Assets.xcassets */,
				60D1B66A2BD2E88200EC2C55 /* LaunchScreen.storyboard */,
				60D1B66D2BD2E88200EC2C55 /* Info.plist */,
			);
			path = "Walmart Chile";
			sourceTree = "<group>";
		};
		60D1B6732BD2EAFC00EC2C55 /* Modules */ = {
			isa = PBXGroup;
			children = (
				60D1B6802BD2F4CF00EC2C55 /* NetworkManager */,
				60D1B6792BD2EF7C00EC2C55 /* Cart */,
				60D1B6742BD2EB1300EC2C55 /* Home */,
			);
			path = Modules;
			sourceTree = "<group>";
		};
		60D1B6742BD2EB1300EC2C55 /* Home */ = {
			isa = PBXGroup;
			children = (
				60D1B6852BD3017700EC2C55 /* Cells */,
				60D1B6752BD2EB2600EC2C55 /* HomeViewController.swift */,
				60D1B6772BD2EC0E00EC2C55 /* HomePresenter.swift */,
				60D1B67C2BD2F1BA00EC2C55 /* HomeNetworkManager.swift */,
				60D1B6882BD3030E00EC2C55 /* HomeView.swift */,
				60D1B68A2BD3063500EC2C55 /* ProductsDataSource.swift */,
				60D1B68C2BD318C500EC2C55 /* ProductsCompositionalLayout.swift */,
				60D1B68E2BD3233600EC2C55 /* FeaturedProductView.swift */,
			);
			path = Home;
			sourceTree = "<group>";
		};
		60D1B6792BD2EF7C00EC2C55 /* Cart */ = {
			isa = PBXGroup;
			children = (
				60D1B67A2BD2EF8600EC2C55 /* Cart.swift */,
			);
			path = Cart;
			sourceTree = "<group>";
		};
		60D1B6802BD2F4CF00EC2C55 /* NetworkManager */ = {
			isa = PBXGroup;
			children = (
				60D1B67E2BD2F46D00EC2C55 /* NetworkManager.swift */,
			);
			path = NetworkManager;
			sourceTree = "<group>";
		};
		60D1B6812BD2F71200EC2C55 /* Models */ = {
			isa = PBXGroup;
			children = (
				60D1B6822BD2F71B00EC2C55 /* Product.swift */,
			);
			path = Models;
			sourceTree = "<group>";
		};
		60D1B6852BD3017700EC2C55 /* Cells */ = {
			isa = PBXGroup;
			children = (
				60D1B6862BD3019200EC2C55 /* ProductCell.swift */,
			);
			path = Cells;
			sourceTree = "<group>";
		};
/* End PBXGroup section */

/* Begin PBXNativeTarget section */
		60D1B65B2BD2E88100EC2C55 /* Walmart Chile */ = {
			isa = PBXNativeTarget;
			buildConfigurationList = 60D1B6702BD2E88200EC2C55 /* Build configuration list for PBXNativeTarget "Walmart Chile" */;
			buildPhases = (
				60D1B6582BD2E88100EC2C55 /* Sources */,
				60D1B6592BD2E88100EC2C55 /* Frameworks */,
				60D1B65A2BD2E88100EC2C55 /* Resources */,
			);
			buildRules = (
			);
			dependencies = (
			);
			name = "Walmart Chile";
			productName = "Walmart Chile";
			productReference = 60D1B65C2BD2E88100EC2C55 /* Walmart Chile.app */;
			productType = "com.apple.product-type.application";
		};
/* End PBXNativeTarget section */

/* Begin PBXProject section */
		60D1B6542BD2E88100EC2C55 /* Project object */ = {
			isa = PBXProject;
			attributes = {
				BuildIndependentTargetsInParallel = 1;
				LastSwiftUpdateCheck = 1510;
				LastUpgradeCheck = 1510;
				TargetAttributes = {
					60D1B65B2BD2E88100EC2C55 = {
						CreatedOnToolsVersion = 15.1;
					};
				};
			};
			buildConfigurationList = 60D1B6572BD2E88100EC2C55 /* Build configuration list for PBXProject "Walmart Chile" */;
			compatibilityVersion = "Xcode 14.0";
			developmentRegion = en;
			hasScannedForEncodings = 0;
			knownRegions = (
				en,
				Base,
			);
			mainGroup = 60D1B6532BD2E88100EC2C55;
			productRefGroup = 60D1B65D2BD2E88100EC2C55 /* Products */;
			projectDirPath = "";
			projectRoot = "";
			targets = (
				60D1B65B2BD2E88100EC2C55 /* Walmart Chile */,
			);
		};
/* End PBXProject section */

/* Begin PBXResourcesBuildPhase section */
		60D1B65A2BD2E88100EC2C55 /* Resources */ = {
			isa = PBXResourcesBuildPhase;
			buildActionMask = 2147483647;
			files = (
				60D1B66C2BD2E88200EC2C55 /* LaunchScreen.storyboard in Resources */,
				60D1B6692BD2E88200EC2C55 /* Assets.xcassets in Resources */,
			);
			runOnlyForDeploymentPostprocessing = 0;
		};
/* End PBXResourcesBuildPhase section */

/* Begin PBXSourcesBuildPhase section */
		60D1B6582BD2E88100EC2C55 /* Sources */ = {
			isa = PBXSourcesBuildPhase;
			buildActionMask = 2147483647;
			files = (
				60D1B6602BD2E88100EC2C55 /* AppDelegate.swift in Sources */,
				60D1B68D2BD318C500EC2C55 /* ProductsCompositionalLayout.swift in Sources */,
				60D1B6832BD2F71B00EC2C55 /* Product.swift in Sources */,
				60D1B68F2BD3233600EC2C55 /* FeaturedProductView.swift in Sources */,
				60D1B6622BD2E88100EC2C55 /* SceneDelegate.swift in Sources */,
				60D1B6892BD3030E00EC2C55 /* HomeView.swift in Sources */,
				60D1B67B2BD2EF8600EC2C55 /* Cart.swift in Sources */,
				60D1B67F2BD2F46D00EC2C55 /* NetworkManager.swift in Sources */,
				60D1B68B2BD3063500EC2C55 /* ProductsDataSource.swift in Sources */,
				60D1B6762BD2EB2600EC2C55 /* HomeViewController.swift in Sources */,
				60D1B6872BD3019200EC2C55 /* ProductCell.swift in Sources */,
				60D1B6782BD2EC0E00EC2C55 /* HomePresenter.swift in Sources */,
				60D1B67D2BD2F1BA00EC2C55 /* HomeNetworkManager.swift in Sources */,
			);
			runOnlyForDeploymentPostprocessing = 0;
		};
/* End PBXSourcesBuildPhase section */

/* Begin PBXVariantGroup section */
		60D1B66A2BD2E88200EC2C55 /* LaunchScreen.storyboard */ = {
			isa = PBXVariantGroup;
			children = (
				60D1B66B2BD2E88200EC2C55 /* Base */,
			);
			name = LaunchScreen.storyboard;
			sourceTree = "<group>";
		};
/* End PBXVariantGroup section */

/* Begin XCBuildConfiguration section */
		60D1B66E2BD2E88200EC2C55 /* Debug */ = {
			isa = XCBuildConfiguration;
			buildSettings = {
				ALWAYS_SEARCH_USER_PATHS = NO;
				ASSETCATALOG_COMPILER_GENERATE_SWIFT_ASSET_SYMBOL_EXTENSIONS = YES;
				CLANG_ANALYZER_NONNULL = YES;
				CLANG_ANALYZER_NUMBER_OBJECT_CONVERSION = YES_AGGRESSIVE;
				CLANG_CXX_LANGUAGE_STANDARD = "gnu++20";
				CLANG_ENABLE_MODULES = YES;
				CLANG_ENABLE_OBJC_ARC = YES;
				CLANG_ENABLE_OBJC_WEAK = YES;
				CLANG_WARN_BLOCK_CAPTURE_AUTORELEASING = YES;
				CLANG_WARN_BOOL_CONVERSION = YES;
				CLANG_WARN_COMMA = YES;
				CLANG_WARN_CONSTANT_CONVERSION = YES;
				CLANG_WARN_DEPRECATED_OBJC_IMPLEMENTATIONS = YES;
				CLANG_WARN_DIRECT_OBJC_ISA_USAGE = YES_ERROR;
				CLANG_WARN_DOCUMENTATION_COMMENTS = YES;
				CLANG_WARN_EMPTY_BODY = YES;
				CLANG_WARN_ENUM_CONVERSION = YES;
				CLANG_WARN_INFINITE_RECURSION = YES;
				CLANG_WARN_INT_CONVERSION = YES;
				CLANG_WARN_NON_LITERAL_NULL_CONVERSION = YES;
				CLANG_WARN_OBJC_IMPLICIT_RETAIN_SELF = YES;
				CLANG_WARN_OBJC_LITERAL_CONVERSION = YES;
				CLANG_WARN_OBJC_ROOT_CLASS = YES_ERROR;
				CLANG_WARN_QUOTED_INCLUDE_IN_FRAMEWORK_HEADER = YES;
				CLANG_WARN_RANGE_LOOP_ANALYSIS = YES;
				CLANG_WARN_STRICT_PROTOTYPES = YES;
				CLANG_WARN_SUSPICIOUS_MOVE = YES;
				CLANG_WARN_UNGUARDED_AVAILABILITY = YES_AGGRESSIVE;
				CLANG_WARN_UNREACHABLE_CODE = YES;
				CLANG_WARN__DUPLICATE_METHOD_MATCH = YES;
				COPY_PHASE_STRIP = NO;
				DEBUG_INFORMATION_FORMAT = dwarf;
				ENABLE_STRICT_OBJC_MSGSEND = YES;
				ENABLE_TESTABILITY = YES;
				ENABLE_USER_SCRIPT_SANDBOXING = YES;
				GCC_C_LANGUAGE_STANDARD = gnu17;
				GCC_DYNAMIC_NO_PIC = NO;
				GCC_NO_COMMON_BLOCKS = YES;
				GCC_OPTIMIZATION_LEVEL = 0;
				GCC_PREPROCESSOR_DEFINITIONS = (
					"DEBUG=1",
					"$(inherited)",
				);
				GCC_WARN_64_TO_32_BIT_CONVERSION = YES;
				GCC_WARN_ABOUT_RETURN_TYPE = YES_ERROR;
				GCC_WARN_UNDECLARED_SELECTOR = YES;
				GCC_WARN_UNINITIALIZED_AUTOS = YES_AGGRESSIVE;
				GCC_WARN_UNUSED_FUNCTION = YES;
				GCC_WARN_UNUSED_VARIABLE = YES;
				IPHONEOS_DEPLOYMENT_TARGET = 17.2;
				LOCALIZATION_PREFERS_STRING_CATALOGS = YES;
				MTL_ENABLE_DEBUG_INFO = INCLUDE_SOURCE;
				MTL_FAST_MATH = YES;
				ONLY_ACTIVE_ARCH = YES;
				SDKROOT = iphoneos;
				SWIFT_ACTIVE_COMPILATION_CONDITIONS = "DEBUG $(inherited)";
				SWIFT_OPTIMIZATION_LEVEL = "-Onone";
			};
			name = Debug;
		};
		60D1B66F2BD2E88200EC2C55 /* Release */ = {
			isa = XCBuildConfiguration;
			buildSettings = {
				ALWAYS_SEARCH_USER_PATHS = NO;
				ASSETCATALOG_COMPILER_GENERATE_SWIFT_ASSET_SYMBOL_EXTENSIONS = YES;
				CLANG_ANALYZER_NONNULL = YES;
				CLANG_ANALYZER_NUMBER_OBJECT_CONVERSION = YES_AGGRESSIVE;
				CLANG_CXX_LANGUAGE_STANDARD = "gnu++20";
				CLANG_ENABLE_MODULES = YES;
				CLANG_ENABLE_OBJC_ARC = YES;
				CLANG_ENABLE_OBJC_WEAK = YES;
				CLANG_WARN_BLOCK_CAPTURE_AUTORELEASING = YES;
				CLANG_WARN_BOOL_CONVERSION = YES;
				CLANG_WARN_COMMA = YES;
				CLANG_WARN_CONSTANT_CONVERSION = YES;
				CLANG_WARN_DEPRECATED_OBJC_IMPLEMENTATIONS = YES;
				CLANG_WARN_DIRECT_OBJC_ISA_USAGE = YES_ERROR;
				CLANG_WARN_DOCUMENTATION_COMMENTS = YES;
				CLANG_WARN_EMPTY_BODY = YES;
				CLANG_WARN_ENUM_CONVERSION = YES;
				CLANG_WARN_INFINITE_RECURSION = YES;
				CLANG_WARN_INT_CONVERSION = YES;
				CLANG_WARN_NON_LITERAL_NULL_CONVERSION = YES;
				CLANG_WARN_OBJC_IMPLICIT_RETAIN_SELF = YES;
				CLANG_WARN_OBJC_LITERAL_CONVERSION = YES;
				CLANG_WARN_OBJC_ROOT_CLASS = YES_ERROR;
				CLANG_WARN_QUOTED_INCLUDE_IN_FRAMEWORK_HEADER = YES;
				CLANG_WARN_RANGE_LOOP_ANALYSIS = YES;
				CLANG_WARN_STRICT_PROTOTYPES = YES;
				CLANG_WARN_SUSPICIOUS_MOVE = YES;
				CLANG_WARN_UNGUARDED_AVAILABILITY = YES_AGGRESSIVE;
				CLANG_WARN_UNREACHABLE_CODE = YES;
				CLANG_WARN__DUPLICATE_METHOD_MATCH = YES;
				COPY_PHASE_STRIP = NO;
				DEBUG_INFORMATION_FORMAT = "dwarf-with-dsym";
				ENABLE_NS_ASSERTIONS = NO;
				ENABLE_STRICT_OBJC_MSGSEND = YES;
				ENABLE_USER_SCRIPT_SANDBOXING = YES;
				GCC_C_LANGUAGE_STANDARD = gnu17;
				GCC_NO_COMMON_BLOCKS = YES;
				GCC_WARN_64_TO_32_BIT_CONVERSION = YES;
				GCC_WARN_ABOUT_RETURN_TYPE = YES_ERROR;
				GCC_WARN_UNDECLARED_SELECTOR = YES;
				GCC_WARN_UNINITIALIZED_AUTOS = YES_AGGRESSIVE;
				GCC_WARN_UNUSED_FUNCTION = YES;
				GCC_WARN_UNUSED_VARIABLE = YES;
				IPHONEOS_DEPLOYMENT_TARGET = 17.2;
				LOCALIZATION_PREFERS_STRING_CATALOGS = YES;
				MTL_ENABLE_DEBUG_INFO = NO;
				MTL_FAST_MATH = YES;
				SDKROOT = iphoneos;
				SWIFT_COMPILATION_MODE = wholemodule;
				VALIDATE_PRODUCT = YES;
			};
			name = Release;
		};
		60D1B6712BD2E88200EC2C55 /* Debug */ = {
			isa = XCBuildConfiguration;
			buildSettings = {
				ASSETCATALOG_COMPILER_APPICON_NAME = AppIcon;
				ASSETCATALOG_COMPILER_GLOBAL_ACCENT_COLOR_NAME = AccentColor;
				CODE_SIGN_STYLE = Automatic;
				CURRENT_PROJECT_VERSION = 1;
				DEVELOPMENT_TEAM = VHNQM2U5QT;
				GENERATE_INFOPLIST_FILE = YES;
				INFOPLIST_FILE = "Walmart Chile/Info.plist";
				INFOPLIST_KEY_UIApplicationSupportsIndirectInputEvents = YES;
				INFOPLIST_KEY_UILaunchStoryboardName = LaunchScreen;
				INFOPLIST_KEY_UISupportedInterfaceOrientations_iPad = "UIInterfaceOrientationPortrait UIInterfaceOrientationPortraitUpsideDown UIInterfaceOrientationLandscapeLeft UIInterfaceOrientationLandscapeRight";
				INFOPLIST_KEY_UISupportedInterfaceOrientations_iPhone = "UIInterfaceOrientationPortrait UIInterfaceOrientationLandscapeLeft UIInterfaceOrientationLandscapeRight";
				IPHONEOS_DEPLOYMENT_TARGET = 15.0;
				LD_RUNPATH_SEARCH_PATHS = (
					"$(inherited)",
					"@executable_path/Frameworks",
				);
				MARKETING_VERSION = 1.0;
				PRODUCT_BUNDLE_IDENTIFIER = "com.sgarciaanato.Walmart-Chile";
				PRODUCT_NAME = "$(TARGET_NAME)";
				SWIFT_EMIT_LOC_STRINGS = YES;
				SWIFT_VERSION = 5.0;
				TARGETED_DEVICE_FAMILY = "1,2";
			};
			name = Debug;
		};
		60D1B6722BD2E88200EC2C55 /* Release */ = {
			isa = XCBuildConfiguration;
			buildSettings = {
				ASSETCATALOG_COMPILER_APPICON_NAME = AppIcon;
				ASSETCATALOG_COMPILER_GLOBAL_ACCENT_COLOR_NAME = AccentColor;
				CODE_SIGN_STYLE = Automatic;
				CURRENT_PROJECT_VERSION = 1;
				DEVELOPMENT_TEAM = VHNQM2U5QT;
				GENERATE_INFOPLIST_FILE = YES;
				INFOPLIST_FILE = "Walmart Chile/Info.plist";
				INFOPLIST_KEY_UIApplicationSupportsIndirectInputEvents = YES;
				INFOPLIST_KEY_UILaunchStoryboardName = LaunchScreen;
				INFOPLIST_KEY_UISupportedInterfaceOrientations_iPad = "UIInterfaceOrientationPortrait UIInterfaceOrientationPortraitUpsideDown UIInterfaceOrientationLandscapeLeft UIInterfaceOrientationLandscapeRight";
				INFOPLIST_KEY_UISupportedInterfaceOrientations_iPhone = "UIInterfaceOrientationPortrait UIInterfaceOrientationLandscapeLeft UIInterfaceOrientationLandscapeRight";
				IPHONEOS_DEPLOYMENT_TARGET = 15.0;
				LD_RUNPATH_SEARCH_PATHS = (
					"$(inherited)",
					"@executable_path/Frameworks",
				);
				MARKETING_VERSION = 1.0;
				PRODUCT_BUNDLE_IDENTIFIER = "com.sgarciaanato.Walmart-Chile";
				PRODUCT_NAME = "$(TARGET_NAME)";
				SWIFT_EMIT_LOC_STRINGS = YES;
				SWIFT_VERSION = 5.0;
				TARGETED_DEVICE_FAMILY = "1,2";
			};
			name = Release;
		};
/* End XCBuildConfiguration section */

/* Begin XCConfigurationList section */
		60D1B6572BD2E88100EC2C55 /* Build configuration list for PBXProject "Walmart Chile" */ = {
			isa = XCConfigurationList;
			buildConfigurations = (
				60D1B66E2BD2E88200EC2C55 /* Debug */,
				60D1B66F2BD2E88200EC2C55 /* Release */,
			);
			defaultConfigurationIsVisible = 0;
			defaultConfigurationName = Release;
		};
		60D1B6702BD2E88200EC2C55 /* Build configuration list for PBXNativeTarget "Walmart Chile" */ = {
			isa = XCConfigurationList;
			buildConfigurations = (
				60D1B6712BD2E88200EC2C55 /* Debug */,
				60D1B6722BD2E88200EC2C55 /* Release */,
			);
			defaultConfigurationIsVisible = 0;
			defaultConfigurationName = Release;
		};
/* End XCConfigurationList section */
	};
	rootObject = 60D1B6542BD2E88100EC2C55 /* Project object */;
}
